{
    "name": "tables-js",
    "version": "1.1.16",
    "lockfileVersion": 3,
    "requires": true,
    "packages": {
        "": {
            "name": "tables-js",
            "version": "1.1.16",
            "license": "ISC",
            "devDependencies": {
                "@types/datatables.net-fixedheader": "^3.1.5",
                "@types/jquery": "^3.5.16"
            }
        },
        "node_modules/@types/datatables.net": {
            "version": "1.10.24",
            "resolved": "https://registry.npmjs.org/@types/datatables.net/-/datatables.net-1.10.24.tgz",
            "integrity": "sha512-Qb82/7Gn0bU36YLiv0MdaqKzhTLfRO9qPvFdkW0miQ6ATMG47aoPn2r//zTvGd3oPSt+Lzp1HSsjP6rZRuki8g==",
            "dev": true,
            "dependencies": {
                "@types/jquery": "*"
            }
        },
        "node_modules/@types/datatables.net-fixedheader": {
            "version": "3.1.5",
            "resolved": "https://registry.npmjs.org/@types/datatables.net-fixedheader/-/datatables.net-fixedheader-3.1.5.tgz",
            "integrity": "sha512-vTW/zE+lzkhOLk9HAH5UBvJEFZsT+05do5UeontMNOdITgFNs8BmJJjqerlkx+aTYBuiON7BfocxJkQV6ufJDw==",
            "dev": true,
            "dependencies": {
                "@types/datatables.net": "*",
                "@types/jquery": "*"
            }
        },
        "node_modules/@types/jquery": {
            "version": "3.5.16",
            "resolved": "https://registry.npmjs.org/@types/jquery/-/jquery-3.5.16.tgz",
            "integrity": "sha512-bsI7y4ZgeMkmpG9OM710RRzDFp+w4P1RGiIt30C1mSBT+ExCleeh4HObwgArnDFELmRrOpXgSYN9VF1hj+f1lw==",
            "dev": true,
            "dependencies": {
                "@types/sizzle": "*"
            }
        },
        "node_modules/@types/sizzle": {
            "version": "2.3.3",
            "resolved": "https://registry.npmjs.org/@types/sizzle/-/sizzle-2.3.3.tgz",
            "integrity": "sha512-JYM8x9EGF163bEyhdJBpR2QX1R5naCJHC8ucJylJ3w9/CVBaskdQ8WqBf8MmQrd1kRvp/a4TS8HJ+bxzR7ZJYQ==",
            "dev": true
        }
    }
}
